
Microsoft Visual Studio Solution File, Format Version 12.00
# Visual Studio Version 16
VisualStudioVersion = 16.0.29709.97
MinimumVisualStudioVersion = 10.0.40219.1
Project("{FAE04EC0-301F-11D3-BF4B-00C04F79EFBC}") = "JIRATest", "JIRATest\JIRATest.csproj", "{49CE5125-3059-4720-A953-CD10801900B2}"
EndProject
Global
	GlobalSection(SolutionConfigurationPlatforms) = preSolution
		Debug|Any CPU = Debug|Any CPU
		Release|Any CPU = Release|Any CPU
	EndGlobalSection
	GlobalSection(ProjectConfigurationPlatforms) = postSolution
		{49CE5125-3059-4720-A953-CD10801900B2}.Debug|Any CPU.ActiveCfg = Debug|Any CPU
		{49CE5125-3059-4720-A953-CD10801900B2}.Debug|Any CPU.Build.0 = Debug|Any CPU
		{49CE5125-3059-4720-A953-CD10801900B2}.Release|Any CPU.ActiveCfg = Release|Any CPU
		{49CE5125-3059-4720-A953-CD10801900B2}.Release|Any CPU.Build.0 = Release|Any CPU
	EndGlobalSection
	GlobalSection(SolutionProperties) = preSolution
		HideSolutionNode = FALSE
	EndGlobalSection
	GlobalSection(ExtensibilityGlobals) = postSolution
		SolutionGuid = {961BE682-E8E8-4DAA-9BBA-091639F01CEA}
	EndGlobalSection
EndGlobal
